// !$*UTF8*$!
{
	archiveVersion = 1;
	classes = {
	};
	objectVersion = 48;
	objects = {

/* Begin PBXBuildFile section */
		39850B9D1FEA94D7000C22A4 /* AppDelegate.swift in Sources */ = {isa = PBXBuildFile; fileRef = 39850B9C1FEA94D7000C22A4 /* AppDelegate.swift */; };
		39850B9F1FEA94D7000C22A4 /* ViewController.swift in Sources */ = {isa = PBXBuildFile; fileRef = 39850B9E1FEA94D7000C22A4 /* ViewController.swift */; };
		39850BA21FEA94D7000C22A4 /* Main.storyboard in Resources */ = {isa = PBXBuildFile; fileRef = 39850BA01FEA94D7000C22A4 /* Main.storyboard */; };
		39850BA41FEA94D7000C22A4 /* Assets.xcassets in Resources */ = {isa = PBXBuildFile; fileRef = 39850BA31FEA94D7000C22A4 /* Assets.xcassets */; };
		39850BA71FEA94D7000C22A4 /* LaunchScreen.storyboard in Resources */ = {isa = PBXBuildFile; fileRef = 39850BA51FEA94D7000C22A4 /* LaunchScreen.storyboard */; };
		39850BB21FEA94D7000C22A4 /* FingerTouchRegTests.swift in Sources */ = {isa = PBXBuildFile; fileRef = 39850BB11FEA94D7000C22A4 /* FingerTouchRegTests.swift */; };
		39850BBD1FEA94D7000C22A4 /* FingerTouchRegUITests.swift in Sources */ = {isa = PBXBuildFile; fileRef = 39850BBC1FEA94D7000C22A4 /* FingerTouchRegUITests.swift */; };
/* End PBXBuildFile section */

/* Begin PBXContainerItemProxy section */
		39850BAE1FEA94D7000C22A4 /* PBXContainerItemProxy */ = {
			isa = PBXContainerItemProxy;
			containerPortal = 39850B911FEA94D7000C22A4 /* Project object */;
			proxyType = 1;
			remoteGlobalIDString = 39850B981FEA94D7000C22A4;
			remoteInfo = FingerTouchReg;
		};
		39850BB91FEA94D7000C22A4 /* PBXContainerItemProxy */ = {
			isa = PBXContainerItemProxy;
			containerPortal = 39850B911FEA94D7000C22A4 /* Project object */;
			proxyType = 1;
			remoteGlobalIDString = 39850B981FEA94D7000C22A4;
			remoteInfo = FingerTouchReg;
		};
/* End PBXContainerItemProxy section */

/* Begin PBXFileReference section */
		39850B991FEA94D7000C22A4 /* FingerTouchReg.app */ = {isa = PBXFileReference; explicitFileType = wrapper.application; includeInIndex = 0; path = FingerTouchReg.app; sourceTree = BUILT_PRODUCTS_DIR; };
		39850B9C1FEA94D7000C22A4 /* AppDelegate.swift */ = {isa = PBXFileReference; lastKnownFileType = sourcecode.swift; path = AppDelegate.swift; sourceTree = "<group>"; };
		39850B9E1FEA94D7000C22A4 /* ViewController.swift */ = {isa = PBXFileReference; lastKnownFileType = sourcecode.swift; path = ViewController.swift; sourceTree = "<group>"; };
		39850BA11FEA94D7000C22A4 /* Base */ = {isa = PBXFileReference; lastKnownFileType = file.storyboard; name = Base; path = Base.lproj/Main.storyboard; sourceTree = "<group>"; };
		39850BA31FEA94D7000C22A4 /* Assets.xcassets */ = {isa = PBXFileReference; lastKnownFileType = folder.assetcatalog; path = Assets.xcassets; sourceTree = "<group>"; };
		39850BA61FEA94D7000C22A4 /* Base */ = {isa = PBXFileReference; lastKnownFileType = file.storyboard; name = Base; path = Base.lproj/LaunchScreen.storyboard; sourceTree = "<group>"; };
		39850BA81FEA94D7000C22A4 /* Info.plist */ = {isa = PBXFileReference; lastKnownFileType = text.plist.xml; path = Info.plist; sourceTree = "<group>"; };
		39850BAD1FEA94D7000C22A4 /* FingerTouchRegTests.xctest */ = {isa = PBXFileReference; explicitFileType = wrapper.cfbundle; includeInIndex = 0; path = FingerTouchRegTests.xctest; sourceTree = BUILT_PRODUCTS_DIR; };
		39850BB11FEA94D7000C22A4 /* FingerTouchRegTests.swift */ = {isa = PBXFileReference; lastKnownFileType = sourcecode.swift; path = FingerTouchRegTests.swift; sourceTree = "<group>"; };
		39850BB31FEA94D7000C22A4 /* Info.plist */ = {isa = PBXFileReference; lastKnownFileType = text.plist.xml; path = Info.plist; sourceTree = "<group>"; };
		39850BB81FEA94D7000C22A4 /* FingerTouchRegUITests.xctest */ = {isa = PBXFileReference; explicitFileType = wrapper.cfbundle; includeInIndex = 0; path = FingerTouchRegUITests.xctest; sourceTree = BUILT_PRODUCTS_DIR; };
		39850BBC1FEA94D7000C22A4 /* FingerTouchRegUITests.swift */ = {isa = PBXFileReference; lastKnownFileType = sourcecode.swift; path = FingerTouchRegUITests.swift; sourceTree = "<group>"; };
		39850BBE1FEA94D7000C22A4 /* Info.plist */ = {isa = PBXFileReference; lastKnownFileType = text.plist.xml; path = Info.plist; sourceTree = "<group>"; };
/* End PBXFileReference section */

/* Begin PBXFrameworksBuildPhase section */
		39850B961FEA94D7000C22A4 /* Frameworks */ = {
			isa = PBXFrameworksBuildPhase;
			buildActionMask = 2147483647;
			files = (
			);
			runOnlyForDeploymentPostprocessing = 0;
		};
		39850BAA1FEA94D7000C22A4 /* Frameworks */ = {
			isa = PBXFrameworksBuildPhase;
			buildActionMask = 2147483647;
			files = (
			);
			runOnlyForDeploymentPostprocessing = 0;
		};
		39850BB51FEA94D7000C22A4 /* Frameworks */ = {
			isa = PBXFrameworksBuildPhase;
			buildActionMask = 2147483647;
			files = (
			);
			runOnlyForDeploymentPostprocessing = 0;
		};
/* End PBXFrameworksBuildPhase section */

/* Begin PBXGroup section */
		39850B901FEA94D7000C22A4 = {
			isa = PBXGroup;
			children = (
				39850B9B1FEA94D7000C22A4 /* FingerTouchReg */,
				39850BB01FEA94D7000C22A4 /* FingerTouchRegTests */,
				39850BBB1FEA94D7000C22A4 /* FingerTouchRegUITests */,
				39850B9A1FEA94D7000C22A4 /* Products */,
			);
			sourceTree = "<group>";
		};
		39850B9A1FEA94D7000C22A4 /* Products */ = {
			isa = PBXGroup;
			children = (
				39850B991FEA94D7000C22A4 /* FingerTouchReg.app */,
				39850BAD1FEA94D7000C22A4 /* FingerTouchRegTests.xctest */,
				39850BB81FEA94D7000C22A4 /* FingerTouchRegUITests.xctest */,
			);
			name = Products;
			sourceTree = "<group>";
		};
		39850B9B1FEA94D7000C22A4 /* FingerTouchReg */ = {
			isa = PBXGroup;
			children = (
				39850B9C1FEA94D7000C22A4 /* AppDelegate.swift */,
				39850B9E1FEA94D7000C22A4 /* ViewController.swift */,
				39850BA01FEA94D7000C22A4 /* Main.storyboard */,
				39850BA31FEA94D7000C22A4 /* Assets.xcassets */,
				39850BA51FEA94D7000C22A4 /* LaunchScreen.storyboard */,
				39850BA81FEA94D7000C22A4 /* Info.plist */,
			);
			path = FingerTouchReg;
			sourceTree = "<group>";
		};
		39850BB01FEA94D7000C22A4 /* FingerTouchRegTests */ = {
			isa = PBXGroup;
			children = (
				39850BB11FEA94D7000C22A4 /* FingerTouchRegTests.swift */,
				39850BB31FEA94D7000C22A4 /* Info.plist */,
			);
			path = FingerTouchRegTests;
			sourceTree = "<group>";
		};
		39850BBB1FEA94D7000C22A4 /* FingerTouchRegUITests */ = {
			isa = PBXGroup;
			children = (
				39850BBC1FEA94D7000C22A4 /* FingerTouchRegUITests.swift */,
				39850BBE1FEA94D7000C22A4 /* Info.plist */,
			);
			path = FingerTouchRegUITests;
			sourceTree = "<group>";
		};
/* End PBXGroup section */

/* Begin PBXNativeTarget section */
		39850B981FEA94D7000C22A4 /* FingerTouchReg */ = {
			isa = PBXNativeTarget;
			buildConfigurationList = 39850BC11FEA94D7000C22A4 /* Build configuration list for PBXNativeTarget "FingerTouchReg" */;
			buildPhases = (
				39850B951FEA94D7000C22A4 /* Sources */,
				39850B961FEA94D7000C22A4 /* Frameworks */,
				39850B971FEA94D7000C22A4 /* Resources */,
			);
			buildRules = (
			);
			dependencies = (
			);
			name = FingerTouchReg;
			productName = FingerTouchReg;
			productReference = 39850B991FEA94D7000C22A4 /* FingerTouchReg.app */;
			productType = "com.apple.product-type.application";
		};
		39850BAC1FEA94D7000C22A4 /* FingerTouchRegTests */ = {
			isa = PBXNativeTarget;
			buildConfigurationList = 39850BC41FEA94D7000C22A4 /* Build configuration list for PBXNativeTarget "FingerTouchRegTests" */;
			buildPhases = (
				39850BA91FEA94D7000C22A4 /* Sources */,
				39850BAA1FEA94D7000C22A4 /* Frameworks */,
				39850BAB1FEA94D7000C22A4 /* Resources */,
			);
			buildRules = (
			);
			dependencies = (
				39850BAF1FEA94D7000C22A4 /* PBXTargetDependency */,
			);
			name = FingerTouchRegTests;
			productName = FingerTouchRegTests;
			productReference = 39850BAD1FEA94D7000C22A4 /* FingerTouchRegTests.xctest */;
			productType = "com.apple.product-type.bundle.unit-test";
		};
		39850BB71FEA94D7000C22A4 /* FingerTouchRegUITests */ = {
			isa = PBXNativeTarget;
			buildConfigurationList = 39850BC71FEA94D7000C22A4 /* Build configuration list for PBXNativeTarget "FingerTouchRegUITests" */;
			buildPhases = (
				39850BB41FEA94D7000C22A4 /* Sources */,
				39850BB51FEA94D7000C22A4 /* Frameworks */,
				39850BB61FEA94D7000C22A4 /* Resources */,
			);
			buildRules = (
			);
			dependencies = (
				39850BBA1FEA94D7000C22A4 /* PBXTargetDependency */,
			);
			name = FingerTouchRegUITests;
			productName = FingerTouchRegUITests;
			productReference = 39850BB81FEA94D7000C22A4 /* FingerTouchRegUITests.xctest */;
			productType = "com.apple.product-type.bundle.ui-testing";
		};
/* End PBXNativeTarget section */

/* Begin PBXProject section */
		39850B911FEA94D7000C22A4 /* Project object */ = {
			isa = PBXProject;
			attributes = {
				LastSwiftUpdateCheck = 0920;
				LastUpgradeCheck = 0920;
				ORGANIZATIONNAME = Kilian;
				TargetAttributes = {
					39850B981FEA94D7000C22A4 = {
						CreatedOnToolsVersion = 9.2;
						ProvisioningStyle = Automatic;
					};
					39850BAC1FEA94D7000C22A4 = {
						CreatedOnToolsVersion = 9.2;
						ProvisioningStyle = Automatic;
						TestTargetID = 39850B981FEA94D7000C22A4;
					};
					39850BB71FEA94D7000C22A4 = {
						CreatedOnToolsVersion = 9.2;
						ProvisioningStyle = Automatic;
						TestTargetID = 39850B981FEA94D7000C22A4;
					};
				};
			};
			buildConfigurationList = 39850B941FEA94D7000C22A4 /* Build configuration list for PBXProject "FingerTouchReg" */;
			compatibilityVersion = "Xcode 8.0";
			developmentRegion = en;
			hasScannedForEncodings = 0;
			knownRegions = (
				en,
				Base,
			);
			mainGroup = 39850B901FEA94D7000C22A4;
			productRefGroup = 39850B9A1FEA94D7000C22A4 /* Products */;
			projectDirPath = "";
			projectRoot = "";
			targets = (
				39850B981FEA94D7000C22A4 /* FingerTouchReg */,
				39850BAC1FEA94D7000C22A4 /* FingerTouchRegTests */,
				39850BB71FEA94D7000C22A4 /* FingerTouchRegUITests */,
			);
		};
/* End PBXProject section */

/* Begin PBXResourcesBuildPhase section */
		39850B971FEA94D7000C22A4 /* Resources */ = {
			isa = PBXResourcesBuildPhase;
			buildActionMask = 2147483647;
			files = (
				39850BA71FEA94D7000C22A4 /* LaunchScreen.storyboard in Resources */,
				39850BA41FEA94D7000C22A4 /* Assets.xcassets in Resources */,
				39850BA21FEA94D7000C22A4 /* Main.storyboard in Resources */,
			);
			runOnlyForDeploymentPostprocessing = 0;
		};
		39850BAB1FEA94D7000C22A4 /* Resources */ = {
			isa = PBXResourcesBuildPhase;
			buildActionMask = 2147483647;
			files = (
			);
			runOnlyForDeploymentPostprocessing = 0;
		};
		39850BB61FEA94D7000C22A4 /* Resources */ = {
			isa = PBXResourcesBuildPhase;
			buildActionMask = 2147483647;
			files = (
			);
			runOnlyForDeploymentPostprocessing = 0;
		};
/* End PBXResourcesBuildPhase section */

/* Begin PBXSourcesBuildPhase section */
		39850B951FEA94D7000C22A4 /* Sources */ = {
			isa = PBXSourcesBuildPhase;
			buildActionMask = 2147483647;
			files = (
				39850B9F1FEA94D7000C22A4 /* ViewController.swift in Sources */,
				39850B9D1FEA94D7000C22A4 /* AppDelegate.swift in Sources */,
			);
			runOnlyForDeploymentPostprocessing = 0;
		};
		39850BA91FEA94D7000C22A4 /* Sources */ = {
			isa = PBXSourcesBuildPhase;
			buildActionMask = 2147483647;
			files = (
				39850BB21FEA94D7000C22A4 /* FingerTouchRegTests.swift in Sources */,
			);
			runOnlyForDeploymentPostprocessing = 0;
		};
		39850BB41FEA94D7000C22A4 /* Sources */ = {
			isa = PBXSourcesBuildPhase;
			buildActionMask = 2147483647;
			files = (
				39850BBD1FEA94D7000C22A4 /* FingerTouchRegUITests.swift in Sources */,
			);
			runOnlyForDeploymentPostprocessing = 0;
		};
/* End PBXSourcesBuildPhase section */

/* Begin PBXTargetDependency section */
		39850BAF1FEA94D7000C22A4 /* PBXTargetDependency */ = {
			isa = PBXTargetDependency;
			target = 39850B981FEA94D7000C22A4 /* FingerTouchReg */;
			targetProxy = 39850BAE1FEA94D7000C22A4 /* PBXContainerItemProxy */;
		};
		39850BBA1FEA94D7000C22A4 /* PBXTargetDependency */ = {
			isa = PBXTargetDependency;
			target = 39850B981FEA94D7000C22A4 /* FingerTouchReg */;
			targetProxy = 39850BB91FEA94D7000C22A4 /* PBXContainerItemProxy */;
		};
/* End PBXTargetDependency section */

/* Begin PBXVariantGroup section */
		39850BA01FEA94D7000C22A4 /* Main.storyboard */ = {
			isa = PBXVariantGroup;
			children = (
				39850BA11FEA94D7000C22A4 /* Base */,
			);
			name = Main.storyboard;
			sourceTree = "<group>";
		};
		39850BA51FEA94D7000C22A4 /* LaunchScreen.storyboard */ = {
			isa = PBXVariantGroup;
			children = (
				39850BA61FEA94D7000C22A4 /* Base */,
			);
			name = LaunchScreen.storyboard;
			sourceTree = "<group>";
		};
/* End PBXVariantGroup section */

/* Begin XCBuildConfiguration section */
		39850BBF1FEA94D7000C22A4 /* Debug */ = {
			isa = XCBuildConfiguration;
			buildSettings = {
				ALWAYS_SEARCH_USER_PATHS = NO;
				CLANG_ANALYZER_NONNULL = YES;
				CLANG_ANALYZER_NUMBER_OBJECT_CONVERSION = YES_AGGRESSIVE;
				CLANG_CXX_LANGUAGE_STANDARD = "gnu++14";
				CLANG_CXX_LIBRARY = "libc++";
				CLANG_ENABLE_MODULES = YES;
				CLANG_ENABLE_OBJC_ARC = YES;
				CLANG_WARN_BLOCK_CAPTURE_AUTORELEASING = YES;
				CLANG_WARN_BOOL_CONVERSION = YES;
				CLANG_WARN_COMMA = YES;
				CLANG_WARN_CONSTANT_CONVERSION = YES;
				CLANG_WARN_DIRECT_OBJC_ISA_USAGE = YES_ERROR;
				CLANG_WARN_DOCUMENTATION_COMMENTS = YES;
				CLANG_WARN_EMPTY_BODY = YES;
				CLANG_WARN_ENUM_CONVERSION = YES;
				CLANG_WARN_INFINITE_RECURSION = YES;
				CLANG_WARN_INT_CONVERSION = YES;
				CLANG_WARN_NON_LITERAL_NULL_CONVERSION = YES;
				CLANG_WARN_OBJC_LITERAL_CONVERSION = YES;
				CLANG_WARN_OBJC_ROOT_CLASS = YES_ERROR;
				CLANG_WARN_RANGE_LOOP_ANALYSIS = YES;
				CLANG_WARN_STRICT_PROTOTYPES = YES;
				CLANG_WARN_SUSPICIOUS_MOVE = YES;
				CLANG_WARN_UNGUARDED_AVAILABILITY = YES_AGGRESSIVE;
				CLANG_WARN_UNREACHABLE_CODE = YES;
				CLANG_WARN__DUPLICATE_METHOD_MATCH = YES;
				CODE_SIGN_IDENTITY = "iPhone Developer";
				COPY_PHASE_STRIP = NO;
				DEBUG_INFORMATION_FORMAT = dwarf;
				ENABLE_STRICT_OBJC_MSGSEND = YES;
				ENABLE_TESTABILITY = YES;
				GCC_C_LANGUAGE_STANDARD = gnu11;
				GCC_DYNAMIC_NO_PIC = NO;
				GCC_NO_COMMON_BLOCKS = YES;
				GCC_OPTIMIZATION_LEVEL = 0;
				GCC_PREPROCESSOR_DEFINITIONS = (
					"DEBUG=1",
					"$(inherited)",
				);
				GCC_WARN_64_TO_32_BIT_CONVERSION = YES;
				GCC_WARN_ABOUT_RETURN_TYPE = YES_ERROR;
				GCC_WARN_UNDECLARED_SELECTOR = YES;
				GCC_WARN_UNINITIALIZED_AUTOS = YES_AGGRESSIVE;
				GCC_WARN_UNUSED_FUNCTION = YES;
				GCC_WARN_UNUSED_VARIABLE = YES;
				IPHONEOS_DEPLOYMENT_TARGET = 11.2;
				MTL_ENABLE_DEBUG_INFO = YES;
				ONLY_ACTIVE_ARCH = YES;
				SDKROOT = iphoneos;
				SWIFT_ACTIVE_COMPILATION_CONDITIONS = DEBUG;
				SWIFT_OPTIMIZATION_LEVEL = "-Onone";
			};
			name = Debug;
		};
		39850BC01FEA94D7000C22A4 /* Release */ = {
			isa = XCBuildConfiguration;
			buildSettings = {
				ALWAYS_SEARCH_USER_PATHS = NO;
				CLANG_ANALYZER_NONNULL = YES;
				CLANG_ANALYZER_NUMBER_OBJECT_CONVERSION = YES_AGGRESSIVE;
				CLANG_CXX_LANGUAGE_STANDARD = "gnu++14";
				CLANG_CXX_LIBRARY = "libc++";
				CLANG_ENABLE_MODULES = YES;
				CLANG_ENABLE_OBJC_ARC = YES;
				CLANG_WARN_BLOCK_CAPTURE_AUTORELEASING = YES;
				CLANG_WARN_BOOL_CONVERSION = YES;
				CLANG_WARN_COMMA = YES;
				CLANG_WARN_CONSTANT_CONVERSION = YES;
				CLANG_WARN_DIRECT_OBJC_ISA_USAGE = YES_ERROR;
				CLANG_WARN_DOCUMENTATION_COMMENTS = YES;
				CLANG_WARN_EMPTY_BODY = YES;
				CLANG_WARN_ENUM_CONVERSION = YES;
				CLANG_WARN_INFINITE_RECURSION = YES;
				CLANG_WARN_INT_CONVERSION = YES;
				CLANG_WARN_NON_LITERAL_NULL_CONVERSION = YES;
				CLANG_WARN_OBJC_LITERAL_CONVERSION = YES;
				CLANG_WARN_OBJC_ROOT_CLASS = YES_ERROR;
				CLANG_WARN_RANGE_LOOP_ANALYSIS = YES;
				CLANG_WARN_STRICT_PROTOTYPES = YES;
				CLANG_WARN_SUSPICIOUS_MOVE = YES;
				CLANG_WARN_UNGUARDED_AVAILABILITY = YES_AGGRESSIVE;
				CLANG_WARN_UNREACHABLE_CODE = YES;
				CLANG_WARN__DUPLICATE_METHOD_MATCH = YES;
				CODE_SIGN_IDENTITY = "iPhone Developer";
				COPY_PHASE_STRIP = NO;
				DEBUG_INFORMATION_FORMAT = "dwarf-with-dsym";
				ENABLE_NS_ASSERTIONS = NO;
				ENABLE_STRICT_OBJC_MSGSEND = YES;
				GCC_C_LANGUAGE_STANDARD = gnu11;
				GCC_NO_COMMON_BLOCKS = YES;
				GCC_WARN_64_TO_32_BIT_CONVERSION = YES;
				GCC_WARN_ABOUT_RETURN_TYPE = YES_ERROR;
				GCC_WARN_UNDECLARED_SELECTOR = YES;
				GCC_WARN_UNINITIALIZED_AUTOS = YES_AGGRESSIVE;
				GCC_WARN_UNUSED_FUNCTION = YES;
				GCC_WARN_UNUSED_VARIABLE = YES;
				IPHONEOS_DEPLOYMENT_TARGET = 11.2;
				MTL_ENABLE_DEBUG_INFO = NO;
				SDKROOT = iphoneos;
				SWIFT_OPTIMIZATION_LEVEL = "-Owholemodule";
				VALIDATE_PRODUCT = YES;
			};
			name = Release;
		};
		39850BC21FEA94D7000C22A4 /* Debug */ = {
			isa = XCBuildConfiguration;
			buildSettings = {
				ASSETCATALOG_COMPILER_APPICON_NAME = AppIcon;
				CODE_SIGN_STYLE = Automatic;
				DEVELOPMENT_TEAM = V4EQG7WTM5;
				INFOPLIST_FILE = FingerTouchReg/Info.plist;
				LD_RUNPATH_SEARCH_PATHS = "$(inherited) @executable_path/Frameworks";
				PRODUCT_BUNDLE_IDENTIFIER = Kiian.FingerTouchReg;
				PRODUCT_NAME = "$(TARGET_NAME)";
				SWIFT_VERSION = 4.0;
				TARGETED_DEVICE_FAMILY = "1,2";
			};
			name = Debug;
		};
		39850BC31FEA94D7000C22A4 /* Release */ = {
			isa = XCBuildConfiguration;
			buildSettings = {
				ASSETCATALOG_COMPILER_APPICON_NAME = AppIcon;
				CODE_SIGN_STYLE = Automatic;
				DEVELOPMENT_TEAM = V4EQG7WTM5;
				INFOPLIST_FILE = FingerTouchReg/Info.plist;
				LD_RUNPATH_SEARCH_PATHS = "$(inherited) @executable_path/Frameworks";
				PRODUCT_BUNDLE_IDENTIFIER = Kiian.FingerTouchReg;
				PRODUCT_NAME = "$(TARGET_NAME)";
				SWIFT_VERSION = 4.0;
				TARGETED_DEVICE_FAMILY = "1,2";
			};
			name = Release;
		};
		39850BC51FEA94D7000C22A4 /* Debug */ = {
			isa = XCBuildConfiguration;
			buildSettings = {
				ALWAYS_EMBED_SWIFT_STANDARD_LIBRARIES = YES;
				BUNDLE_LOADER = "$(TEST_HOST)";
				CODE_SIGN_STYLE = Automatic;
				DEVELOPMENT_TEAM = V4EQG7WTM5;
				INFOPLIST_FILE = FingerTouchRegTests/Info.plist;
				LD_RUNPATH_SEARCH_PATHS = "$(inherited) @executable_path/Frameworks @loader_path/Frameworks";
				PRODUCT_BUNDLE_IDENTIFIER = Kiian.FingerTouchRegTests;
				PRODUCT_NAME = "$(TARGET_NAME)";
				SWIFT_VERSION = 4.0;
				TARGETED_DEVICE_FAMILY = "1,2";
				TEST_HOST = "$(BUILT_PRODUCTS_DIR)/FingerTouchReg.app/FingerTouchReg";
			};
			name = Debug;
		};
		39850BC61FEA94D7000C22A4 /* Release */ = {
			isa = XCBuildConfiguration;
			buildSettings = {
				ALWAYS_EMBED_SWIFT_STANDARD_LIBRARIES = YES;
				BUNDLE_LOADER = "$(TEST_HOST)";
				CODE_SIGN_STYLE = Automatic;
				DEVELOPMENT_TEAM = V4EQG7WTM5;
				INFOPLIST_FILE = FingerTouchRegTests/Info.plist;
				LD_RUNPATH_SEARCH_PATHS = "$(inherited) @executable_path/Frameworks @loader_path/Frameworks";
				PRODUCT_BUNDLE_IDENTIFIER = Kiian.FingerTouchRegTests;
				PRODUCT_NAME = "$(TARGET_NAME)";
				SWIFT_VERSION = 4.0;
				TARGETED_DEVICE_FAMILY = "1,2";
				TEST_HOST = "$(BUILT_PRODUCTS_DIR)/FingerTouchReg.app/FingerTouchReg";
			};
			name = Release;
		};
		39850BC81FEA94D7000C22A4 /* Debug */ = {
			isa = XCBuildConfiguration;
			buildSettings = {
				ALWAYS_EMBED_SWIFT_STANDARD_LIBRARIES = YES;
				CODE_SIGN_STYLE = Automatic;
				DEVELOPMENT_TEAM = V4EQG7WTM5;
				INFOPLIST_FILE = FingerTouchRegUITests/Info.plist;
				LD_RUNPATH_SEARCH_PATHS = "$(inherited) @executable_path/Frameworks @loader_path/Frameworks";
				PRODUCT_BUNDLE_IDENTIFIER = Kiian.FingerTouchRegUITests;
				PRODUCT_NAME = "$(TARGET_NAME)";
				SWIFT_VERSION = 4.0;
				TARGETED_DEVICE_FAMILY = "1,2";
				TEST_TARGET_NAME = FingerTouchReg;
			};
			name = Debug;
		};
		39850BC91FEA94D7000C22A4 /* Release */ = {
			isa = XCBuildConfiguration;
			buildSettings = {
				ALWAYS_EMBED_SWIFT_STANDARD_LIBRARIES = YES;
				CODE_SIGN_STYLE = Automatic;
				DEVELOPMENT_TEAM = V4EQG7WTM5;
				INFOPLIST_FILE = FingerTouchRegUITests/Info.plist;
				LD_RUNPATH_SEARCH_PATHS = "$(inherited) @executable_path/Frameworks @loader_path/Frameworks";
				PRODUCT_BUNDLE_IDENTIFIER = Kiian.FingerTouchRegUITests;
				PRODUCT_NAME = "$(TARGET_NAME)";
				SWIFT_VERSION = 4.0;
				TARGETED_DEVICE_FAMILY = "1,2";
				TEST_TARGET_NAME = FingerTouchReg;
			};
			name = Release;
		};
/* End XCBuildConfiguration section */

/* Begin XCConfigurationList section */
		39850B941FEA94D7000C22A4 /* Build configuration list for PBXProject "FingerTouchReg" */ = {
			isa = XCConfigurationList;
			buildConfigurations = (
				39850BBF1FEA94D7000C22A4 /* Debug */,
				39850BC01FEA94D7000C22A4 /* Release */,
			);
			defaultConfigurationIsVisible = 0;
			defaultConfigurationName = Release;
		};
		39850BC11FEA94D7000C22A4 /* Build configuration list for PBXNativeTarget "FingerTouchReg" */ = {
			isa = XCConfigurationList;
			buildConfigurations = (
				39850BC21FEA94D7000C22A4 /* Debug */,
				39850BC31FEA94D7000C22A4 /* Release */,
			);
			defaultConfigurationIsVisible = 0;
			defaultConfigurationName = Release;
		};
		39850BC41FEA94D7000C22A4 /* Build configuration list for PBXNativeTarget "FingerTouchRegTests" */ = {
			isa = XCConfigurationList;
			buildConfigurations = (
				39850BC51FEA94D7000C22A4 /* Debug */,
				39850BC61FEA94D7000C22A4 /* Release */,
			);
			defaultConfigurationIsVisible = 0;
			defaultConfigurationName = Release;
		};
		39850BC71FEA94D7000C22A4 /* Build configuration list for PBXNativeTarget "FingerTouchRegUITests" */ = {
			isa = XCConfigurationList;
			buildConfigurations = (
				39850BC81FEA94D7000C22A4 /* Debug */,
				39850BC91FEA94D7000C22A4 /* Release */,
			);
			defaultConfigurationIsVisible = 0;
			defaultConfigurationName = Release;
		};
/* End XCConfigurationList section */
	};
	rootObject = 39850B911FEA94D7000C22A4 /* Project object */;
}
